
Microsoft Visual Studio Solution File, Format Version 12.00
# Visual Studio 14
VisualStudioVersion = 14.0.25123.0
MinimumVisualStudioVersion = 10.0.40219.1
Project("{FAE04EC0-301F-11D3-BF4B-00C04F79EFBC}") = "Client", "Client\Client.csproj", "{1F4E3F70-4AC4-458D-9BBB-1DA4ED3D55E2}"
EndProject
Project("{FAE04EC0-301F-11D3-BF4B-00C04F79EFBC}") = "Server.IOT", "Server.IOT\Server.IOT.csproj", "{C7090DD8-D5A5-4A74-9185-3853725B95FA}"
EndProject
Global
	GlobalSection(SolutionConfigurationPlatforms) = preSolution
		Debug (W10)|Any CPU = Debug (W10)|Any CPU
		Debug (W10)|ARM = Debug (W10)|ARM
		Debug (W10)|x64 = Debug (W10)|x64
		Debug (W10)|x86 = Debug (W10)|x86
		Debug|Any CPU = Debug|Any CPU
		Debug|ARM = Debug|ARM
		Debug|x64 = Debug|x64
		Debug|x86 = Debug|x86
		Release|Any CPU = Release|Any CPU
		Release|ARM = Release|ARM
		Release|x64 = Release|x64
		Release|x86 = Release|x86
	EndGlobalSection
	GlobalSection(ProjectConfigurationPlatforms) = postSolution
		{1F4E3F70-4AC4-458D-9BBB-1DA4ED3D55E2}.Debug (W10)|Any CPU.ActiveCfg = Debug (W10)|Any CPU
		{1F4E3F70-4AC4-458D-9BBB-1DA4ED3D55E2}.Debug (W10)|Any CPU.Build.0 = Debug (W10)|Any CPU
		{1F4E3F70-4AC4-458D-9BBB-1DA4ED3D55E2}.Debug (W10)|ARM.ActiveCfg = Debug (W10)|Any CPU
		{1F4E3F70-4AC4-458D-9BBB-1DA4ED3D55E2}.Debug (W10)|ARM.Build.0 = Debug (W10)|Any CPU
		{1F4E3F70-4AC4-458D-9BBB-1DA4ED3D55E2}.Debug (W10)|x64.ActiveCfg = Debug (W10)|Any CPU
		{1F4E3F70-4AC4-458D-9BBB-1DA4ED3D55E2}.Debug (W10)|x64.Build.0 = Debug (W10)|Any CPU
		{1F4E3F70-4AC4-458D-9BBB-1DA4ED3D55E2}.Debug (W10)|x86.ActiveCfg = Debug (W10)|Any CPU
		{1F4E3F70-4AC4-458D-9BBB-1DA4ED3D55E2}.Debug (W10)|x86.Build.0 = Debug (W10)|Any CPU
		{1F4E3F70-4AC4-458D-9BBB-1DA4ED3D55E2}.Debug|Any CPU.ActiveCfg = Debug|Any CPU
		{1F4E3F70-4AC4-458D-9BBB-1DA4ED3D55E2}.Debug|Any CPU.Build.0 = Debug|Any CPU
		{1F4E3F70-4AC4-458D-9BBB-1DA4ED3D55E2}.Debug|ARM.ActiveCfg = Debug|Any CPU
		{1F4E3F70-4AC4-458D-9BBB-1DA4ED3D55E2}.Debug|ARM.Build.0 = Debug|Any CPU
		{1F4E3F70-4AC4-458D-9BBB-1DA4ED3D55E2}.Debug|x64.ActiveCfg = Debug|Any CPU
		{1F4E3F70-4AC4-458D-9BBB-1DA4ED3D55E2}.Debug|x64.Build.0 = Debug|Any CPU
		{1F4E3F70-4AC4-458D-9BBB-1DA4ED3D55E2}.Debug|x86.ActiveCfg = Debug|Any CPU
		{1F4E3F70-4AC4-458D-9BBB-1DA4ED3D55E2}.Debug|x86.Build.0 = Debug|Any CPU
		{1F4E3F70-4AC4-458D-9BBB-1DA4ED3D55E2}.Release|Any CPU.ActiveCfg = Release|Any CPU
		{1F4E3F70-4AC4-458D-9BBB-1DA4ED3D55E2}.Release|Any CPU.Build.0 = Release|Any CPU
		{1F4E3F70-4AC4-458D-9BBB-1DA4ED3D55E2}.Release|ARM.ActiveCfg = Release|Any CPU
		{1F4E3F70-4AC4-458D-9BBB-1DA4ED3D55E2}.Release|ARM.Build.0 = Release|Any CPU
		{1F4E3F70-4AC4-458D-9BBB-1DA4ED3D55E2}.Release|x64.ActiveCfg = Release|Any CPU
		{1F4E3F70-4AC4-458D-9BBB-1DA4ED3D55E2}.Release|x64.Build.0 = Release|Any CPU
		{1F4E3F70-4AC4-458D-9BBB-1DA4ED3D55E2}.Release|x86.ActiveCfg = Release|Any CPU
		{1F4E3F70-4AC4-458D-9BBB-1DA4ED3D55E2}.Release|x86.Build.0 = Release|Any CPU
		{C7090DD8-D5A5-4A74-9185-3853725B95FA}.Debug (W10)|Any CPU.ActiveCfg = Debug (W10)|x86
		{C7090DD8-D5A5-4A74-9185-3853725B95FA}.Debug (W10)|Any CPU.Build.0 = Debug (W10)|x86
		{C7090DD8-D5A5-4A74-9185-3853725B95FA}.Debug (W10)|Any CPU.Deploy.0 = Debug (W10)|x86
		{C7090DD8-D5A5-4A74-9185-3853725B95FA}.Debug (W10)|ARM.ActiveCfg = Debug (W10)|ARM
		{C7090DD8-D5A5-4A74-9185-3853725B95FA}.Debug (W10)|ARM.Build.0 = Debug (W10)|ARM
		{C7090DD8-D5A5-4A74-9185-3853725B95FA}.Debug (W10)|ARM.Deploy.0 = Debug (W10)|ARM
		{C7090DD8-D5A5-4A74-9185-3853725B95FA}.Debug (W10)|x64.ActiveCfg = Debug (W10)|x86
		{C7090DD8-D5A5-4A74-9185-3853725B95FA}.Debug (W10)|x86.ActiveCfg = Debug (W10)|x86
		{C7090DD8-D5A5-4A74-9185-3853725B95FA}.Debug (W10)|x86.Build.0 = Debug (W10)|x86
		{C7090DD8-D5A5-4A74-9185-3853725B95FA}.Debug (W10)|x86.Deploy.0 = Debug (W10)|x86
		{C7090DD8-D5A5-4A74-9185-3853725B95FA}.Debug|Any CPU.ActiveCfg = Debug|ARM
		{C7090DD8-D5A5-4A74-9185-3853725B95FA}.Debug|Any CPU.Build.0 = Debug|ARM
		{C7090DD8-D5A5-4A74-9185-3853725B95FA}.Debug|Any CPU.Deploy.0 = Debug|ARM
		{C7090DD8-D5A5-4A74-9185-3853725B95FA}.Debug|ARM.ActiveCfg = Debug|ARM
		{C7090DD8-D5A5-4A74-9185-3853725B95FA}.Debug|ARM.Build.0 = Debug|ARM
		{C7090DD8-D5A5-4A74-9185-3853725B95FA}.Debug|ARM.Deploy.0 = Debug|ARM
		{C7090DD8-D5A5-4A74-9185-3853725B95FA}.Debug|x64.ActiveCfg = Debug|ARM
		{C7090DD8-D5A5-4A74-9185-3853725B95FA}.Debug|x86.ActiveCfg = Debug|ARM
		{C7090DD8-D5A5-4A74-9185-3853725B95FA}.Release|Any CPU.ActiveCfg = Release|ARM
		{C7090DD8-D5A5-4A74-9185-3853725B95FA}.Release|ARM.ActiveCfg = Release|ARM
		{C7090DD8-D5A5-4A74-9185-3853725B95FA}.Release|ARM.Build.0 = Release|ARM
		{C7090DD8-D5A5-4A74-9185-3853725B95FA}.Release|ARM.Deploy.0 = Release|ARM
		{C7090DD8-D5A5-4A74-9185-3853725B95FA}.Release|x64.ActiveCfg = Release|ARM
		{C7090DD8-D5A5-4A74-9185-3853725B95FA}.Release|x86.ActiveCfg = Release|ARM
	EndGlobalSection
	GlobalSection(SolutionProperties) = preSolution
		HideSolutionNode = FALSE
	EndGlobalSection
EndGlobal
